
Microsoft Visual Studio Solution File, Format Version 12.00
# Visual Studio 15
VisualStudioVersion = 15.0.28307.1062
MinimumVisualStudioVersion = 10.0.40219.1
Project("{8BC9CEB8-8B4A-11D0-8D11-00A0C91BC942}") = "Project1", "Project1\Project1.vcxproj", "{54E940EA-AAC4-454E-959A-991A8A4124AF}"
EndProject
Global
	GlobalSection(SolutionConfigurationPlatforms) = preSolution
		Debug|x64 = Debug|x64
		Debug|x86 = Debug|x86
		Release|x64 = Release|x64
		Release|x86 = Release|x86
	EndGlobalSection
	GlobalSection(ProjectConfigurationPlatforms) = postSolution
		{54E940EA-AAC4-454E-959A-991A8A4124AF}.Debug|x64.ActiveCfg = Debug|x64
		{54E940EA-AAC4-454E-959A-991A8A4124AF}.Debug|x64.Build.0 = Debug|x64
		{54E940EA-AAC4-454E-959A-991A8A4124AF}.Debug|x86.ActiveCfg = Debug|Win32
		{54E940EA-AAC4-454E-959A-991A8A4124AF}.Debug|x86.Build.0 = Debug|Win32
		{54E940EA-AAC4-454E-959A-991A8A4124AF}.Release|x64.ActiveCfg = Release|x64
		{54E940EA-AAC4-454E-959A-991A8A4124AF}.Release|x64.Build.0 = Release|x64
		{54E940EA-AAC4-454E-959A-991A8A4124AF}.Release|x86.ActiveCfg = Release|Win32
		{54E940EA-AAC4-454E-959A-991A8A4124AF}.Release|x86.Build.0 = Release|Win32
	EndGlobalSection
	GlobalSection(SolutionProperties) = preSolution
		HideSolutionNode = FALSE
	EndGlobalSection
	GlobalSection(ExtensibilityGlobals) = postSolution
		SolutionGuid = {1A3229C0-CDFA-4CE5-B5ED-D203D07CCDD4}
	EndGlobalSection
EndGlobal
